
Microsoft Visual Studio Solution File, Format Version 12.00
Project("{FAE04EC0-301F-11D3-BF4B-00C04F79EFBC}") = "c-sharp-dotnet-development-lab-3AI", "c-sharp-dotnet-development-lab-3AI\c-sharp-dotnet-development-lab-3AI.csproj", "{A4BED8D8-EA28-4EB3-9DA7-7098BEA41340}"
EndProject
Project("{FAE04EC0-301F-11D3-BF4B-00C04F79EFBC}") = "getting-started", "getting-started\getting-started.csproj", "{16D0E5DC-002D-4B8D-8B53-FAE8D7A572ED}"
EndProject
Project("{2150E333-8FDC-42A3-9474-1A3956D46DE8}") = "1", "1", "{8D3798EF-8A2D-4E00-8471-FFCE03BFF73C}"
EndProject
Project("{FAE04EC0-301F-11D3-BF4B-00C04F79EFBC}") = "switching-trace-levels", "switching-trace-levels\switching-trace-levels.csproj", "{5FECEE12-ECC5-4615-9C12-DFF6A5B84CD7}"
EndProject
Project("{2150E333-8FDC-42A3-9474-1A3956D46DE8}") = "MyBank", "MyBank", "{BBDE5ACC-64B2-457A-A987-83540E5A8C6B}"
EndProject
Project("{FAE04EC0-301F-11D3-BF4B-00C04F79EFBC}") = "Backend", "Backend\Backend.csproj", "{B10B2CA3-63C7-4607-9AA3-D7580EDF0D61}"
EndProject
Project("{FAE04EC0-301F-11D3-BF4B-00C04F79EFBC}") = "ConsoleTest", "ConsoleTest\ConsoleTest.csproj", "{1E339B83-AD6A-4656-9E9D-A9CBBB2B7502}"
EndProject
Project("{2150E333-8FDC-42A3-9474-1A3956D46DE8}") = "3", "3", "{401967EC-B2DA-4A97-8867-50B22BCE068A}"
EndProject
Project("{FAE04EC0-301F-11D3-BF4B-00C04F79EFBC}") = "1", "1\1.csproj", "{00B01509-4272-4823-8D72-7040BE0566DB}"
EndProject
Project("{FAE04EC0-301F-11D3-BF4B-00C04F79EFBC}") = "2", "2\2.csproj", "{F46A5484-602A-4FEE-A128-7E39072CFCA5}"
EndProject
Project("{2150E333-8FDC-42A3-9474-1A3956D46DE8}") = "4", "4", "{879A5763-11B3-4C89-8391-89D9230AE149}"
EndProject
Project("{FAE04EC0-301F-11D3-BF4B-00C04F79EFBC}") = "delegates", "delegates\delegates.csproj", "{FCF05547-E1B7-4DC9-BB3E-BA8B93DA0DFA}"
EndProject
Project("{FAE04EC0-301F-11D3-BF4B-00C04F79EFBC}") = "events-console-key-event", "events-console-key-event\events-console-key-event.csproj", "{FB957450-AF85-41EC-A786-113797E2A0FC}"
EndProject
Project("{FAE04EC0-301F-11D3-BF4B-00C04F79EFBC}") = "events-online-attendance", "events-online-attendance\events-online-attendance.csproj", "{9F3DD1EF-3F46-4144-87A6-A37076E8C06B}"
EndProject
Project("{2150E333-8FDC-42A3-9474-1A3956D46DE8}") = "5", "5", "{17F6FC8C-FB84-4C7E-B841-4DFEB7501311}"
EndProject
Project("{FAE04EC0-301F-11D3-BF4B-00C04F79EFBC}") = "users-list", "users-list\users-list.csproj", "{55D40D15-EFA9-4D2E-A768-33EE3CC55B70}"
EndProject
Project("{2150E333-8FDC-42A3-9474-1A3956D46DE8}") = "6", "6", "{40518110-8E60-4B45-AAC6-87CAAD9A81E5}"
EndProject
Project("{FAE04EC0-301F-11D3-BF4B-00C04F79EFBC}") = "generics", "generics\generics.csproj", "{BCE8E42A-483D-492F-8D17-5858938E2F98}"
EndProject
Global
	GlobalSection(SolutionConfigurationPlatforms) = preSolution
		Debug|Any CPU = Debug|Any CPU
		Release|Any CPU = Release|Any CPU
	EndGlobalSection
	GlobalSection(ProjectConfigurationPlatforms) = postSolution
		{A4BED8D8-EA28-4EB3-9DA7-7098BEA41340}.Debug|Any CPU.ActiveCfg = Debug|Any CPU
		{A4BED8D8-EA28-4EB3-9DA7-7098BEA41340}.Debug|Any CPU.Build.0 = Debug|Any CPU
		{A4BED8D8-EA28-4EB3-9DA7-7098BEA41340}.Release|Any CPU.ActiveCfg = Release|Any CPU
		{A4BED8D8-EA28-4EB3-9DA7-7098BEA41340}.Release|Any CPU.Build.0 = Release|Any CPU
		{16D0E5DC-002D-4B8D-8B53-FAE8D7A572ED}.Debug|Any CPU.ActiveCfg = Debug|Any CPU
		{16D0E5DC-002D-4B8D-8B53-FAE8D7A572ED}.Debug|Any CPU.Build.0 = Debug|Any CPU
		{16D0E5DC-002D-4B8D-8B53-FAE8D7A572ED}.Release|Any CPU.ActiveCfg = Release|Any CPU
		{16D0E5DC-002D-4B8D-8B53-FAE8D7A572ED}.Release|Any CPU.Build.0 = Release|Any CPU
		{5FECEE12-ECC5-4615-9C12-DFF6A5B84CD7}.Debug|Any CPU.ActiveCfg = Debug|Any CPU
		{5FECEE12-ECC5-4615-9C12-DFF6A5B84CD7}.Debug|Any CPU.Build.0 = Debug|Any CPU
		{5FECEE12-ECC5-4615-9C12-DFF6A5B84CD7}.Release|Any CPU.ActiveCfg = Release|Any CPU
		{5FECEE12-ECC5-4615-9C12-DFF6A5B84CD7}.Release|Any CPU.Build.0 = Release|Any CPU
		{B10B2CA3-63C7-4607-9AA3-D7580EDF0D61}.Debug|Any CPU.ActiveCfg = Debug|Any CPU
		{B10B2CA3-63C7-4607-9AA3-D7580EDF0D61}.Debug|Any CPU.Build.0 = Debug|Any CPU
		{B10B2CA3-63C7-4607-9AA3-D7580EDF0D61}.Release|Any CPU.ActiveCfg = Release|Any CPU
		{B10B2CA3-63C7-4607-9AA3-D7580EDF0D61}.Release|Any CPU.Build.0 = Release|Any CPU
		{1E339B83-AD6A-4656-9E9D-A9CBBB2B7502}.Debug|Any CPU.ActiveCfg = Debug|Any CPU
		{1E339B83-AD6A-4656-9E9D-A9CBBB2B7502}.Debug|Any CPU.Build.0 = Debug|Any CPU
		{1E339B83-AD6A-4656-9E9D-A9CBBB2B7502}.Release|Any CPU.ActiveCfg = Release|Any CPU
		{1E339B83-AD6A-4656-9E9D-A9CBBB2B7502}.Release|Any CPU.Build.0 = Release|Any CPU
		{00B01509-4272-4823-8D72-7040BE0566DB}.Debug|Any CPU.ActiveCfg = Debug|Any CPU
		{00B01509-4272-4823-8D72-7040BE0566DB}.Debug|Any CPU.Build.0 = Debug|Any CPU
		{00B01509-4272-4823-8D72-7040BE0566DB}.Release|Any CPU.ActiveCfg = Release|Any CPU
		{00B01509-4272-4823-8D72-7040BE0566DB}.Release|Any CPU.Build.0 = Release|Any CPU
		{F46A5484-602A-4FEE-A128-7E39072CFCA5}.Debug|Any CPU.ActiveCfg = Debug|Any CPU
		{F46A5484-602A-4FEE-A128-7E39072CFCA5}.Debug|Any CPU.Build.0 = Debug|Any CPU
		{F46A5484-602A-4FEE-A128-7E39072CFCA5}.Release|Any CPU.ActiveCfg = Release|Any CPU
		{F46A5484-602A-4FEE-A128-7E39072CFCA5}.Release|Any CPU.Build.0 = Release|Any CPU
		{FCF05547-E1B7-4DC9-BB3E-BA8B93DA0DFA}.Debug|Any CPU.ActiveCfg = Debug|Any CPU
		{FCF05547-E1B7-4DC9-BB3E-BA8B93DA0DFA}.Debug|Any CPU.Build.0 = Debug|Any CPU
		{FCF05547-E1B7-4DC9-BB3E-BA8B93DA0DFA}.Release|Any CPU.ActiveCfg = Release|Any CPU
		{FCF05547-E1B7-4DC9-BB3E-BA8B93DA0DFA}.Release|Any CPU.Build.0 = Release|Any CPU
		{FB957450-AF85-41EC-A786-113797E2A0FC}.Debug|Any CPU.ActiveCfg = Debug|Any CPU
		{FB957450-AF85-41EC-A786-113797E2A0FC}.Debug|Any CPU.Build.0 = Debug|Any CPU
		{FB957450-AF85-41EC-A786-113797E2A0FC}.Release|Any CPU.ActiveCfg = Release|Any CPU
		{FB957450-AF85-41EC-A786-113797E2A0FC}.Release|Any CPU.Build.0 = Release|Any CPU
		{9F3DD1EF-3F46-4144-87A6-A37076E8C06B}.Debug|Any CPU.ActiveCfg = Debug|Any CPU
		{9F3DD1EF-3F46-4144-87A6-A37076E8C06B}.Debug|Any CPU.Build.0 = Debug|Any CPU
		{9F3DD1EF-3F46-4144-87A6-A37076E8C06B}.Release|Any CPU.ActiveCfg = Release|Any CPU
		{9F3DD1EF-3F46-4144-87A6-A37076E8C06B}.Release|Any CPU.Build.0 = Release|Any CPU
		{55D40D15-EFA9-4D2E-A768-33EE3CC55B70}.Debug|Any CPU.ActiveCfg = Debug|Any CPU
		{55D40D15-EFA9-4D2E-A768-33EE3CC55B70}.Debug|Any CPU.Build.0 = Debug|Any CPU
		{55D40D15-EFA9-4D2E-A768-33EE3CC55B70}.Release|Any CPU.ActiveCfg = Release|Any CPU
		{55D40D15-EFA9-4D2E-A768-33EE3CC55B70}.Release|Any CPU.Build.0 = Release|Any CPU
		{BCE8E42A-483D-492F-8D17-5858938E2F98}.Debug|Any CPU.ActiveCfg = Debug|Any CPU
		{BCE8E42A-483D-492F-8D17-5858938E2F98}.Debug|Any CPU.Build.0 = Debug|Any CPU
		{BCE8E42A-483D-492F-8D17-5858938E2F98}.Release|Any CPU.ActiveCfg = Release|Any CPU
		{BCE8E42A-483D-492F-8D17-5858938E2F98}.Release|Any CPU.Build.0 = Release|Any CPU
	EndGlobalSection
	GlobalSection(NestedProjects) = preSolution
		{16D0E5DC-002D-4B8D-8B53-FAE8D7A572ED} = {8D3798EF-8A2D-4E00-8471-FFCE03BFF73C}
		{5FECEE12-ECC5-4615-9C12-DFF6A5B84CD7} = {8D3798EF-8A2D-4E00-8471-FFCE03BFF73C}
		{B10B2CA3-63C7-4607-9AA3-D7580EDF0D61} = {BBDE5ACC-64B2-457A-A987-83540E5A8C6B}
		{1E339B83-AD6A-4656-9E9D-A9CBBB2B7502} = {BBDE5ACC-64B2-457A-A987-83540E5A8C6B}
		{00B01509-4272-4823-8D72-7040BE0566DB} = {401967EC-B2DA-4A97-8867-50B22BCE068A}
		{F46A5484-602A-4FEE-A128-7E39072CFCA5} = {401967EC-B2DA-4A97-8867-50B22BCE068A}
		{FCF05547-E1B7-4DC9-BB3E-BA8B93DA0DFA} = {879A5763-11B3-4C89-8391-89D9230AE149}
		{FB957450-AF85-41EC-A786-113797E2A0FC} = {879A5763-11B3-4C89-8391-89D9230AE149}
		{9F3DD1EF-3F46-4144-87A6-A37076E8C06B} = {879A5763-11B3-4C89-8391-89D9230AE149}
		{55D40D15-EFA9-4D2E-A768-33EE3CC55B70} = {17F6FC8C-FB84-4C7E-B841-4DFEB7501311}
		{BCE8E42A-483D-492F-8D17-5858938E2F98} = {40518110-8E60-4B45-AAC6-87CAAD9A81E5}
	EndGlobalSection
EndGlobal
